
Microsoft Visual Studio Solution File, Format Version 12.00
# Visual Studio Version 16
VisualStudioVersion = 16.0.30204.135
MinimumVisualStudioVersion = 10.0.40219.1
Project("{8BC9CEB8-8B4A-11D0-8D11-00A0C91BC942}") = "WhatISay", "WhatISay\WhatISay.vcxproj", "{3849AF0A-8B1B-4E06-9AD8-A71156D20800}"
EndProject
Global
	GlobalSection(SolutionConfigurationPlatforms) = preSolution
		Debug|x64 = Debug|x64
		Debug|x86 = Debug|x86
		Release|x64 = Release|x64
		Release|x86 = Release|x86
	EndGlobalSection
	GlobalSection(ProjectConfigurationPlatforms) = postSolution
		{3849AF0A-8B1B-4E06-9AD8-A71156D20800}.Debug|x64.ActiveCfg = Debug|x64
		{3849AF0A-8B1B-4E06-9AD8-A71156D20800}.Debug|x64.Build.0 = Debug|x64
		{3849AF0A-8B1B-4E06-9AD8-A71156D20800}.Debug|x86.ActiveCfg = Debug|Win32
		{3849AF0A-8B1B-4E06-9AD8-A71156D20800}.Debug|x86.Build.0 = Debug|Win32
		{3849AF0A-8B1B-4E06-9AD8-A71156D20800}.Release|x64.ActiveCfg = Release|x64
		{3849AF0A-8B1B-4E06-9AD8-A71156D20800}.Release|x64.Build.0 = Release|x64
		{3849AF0A-8B1B-4E06-9AD8-A71156D20800}.Release|x86.ActiveCfg = Release|Win32
		{3849AF0A-8B1B-4E06-9AD8-A71156D20800}.Release|x86.Build.0 = Release|Win32
	EndGlobalSection
	GlobalSection(SolutionProperties) = preSolution
		HideSolutionNode = FALSE
	EndGlobalSection
	GlobalSection(ExtensibilityGlobals) = postSolution
		SolutionGuid = {98BABE1C-0BB6-41E6-B71A-3A1E70B8BDCA}
	EndGlobalSection
EndGlobal
