
Microsoft Visual Studio Solution File, Format Version 12.00
# Visual Studio Version 16
VisualStudioVersion = 16.0.30204.135
MinimumVisualStudioVersion = 10.0.40219.1
Project("{8BC9CEB8-8B4A-11D0-8D11-00A0C91BC942}") = "MFC_VIEWEx", "MFC_VIEWEx\MFC_VIEWEx.vcxproj", "{CF62E160-E40D-445E-AC3D-3F0D2081482A}"
EndProject
Global
	GlobalSection(SolutionConfigurationPlatforms) = preSolution
		Debug|x64 = Debug|x64
		Debug|x86 = Debug|x86
		Release|x64 = Release|x64
		Release|x86 = Release|x86
	EndGlobalSection
	GlobalSection(ProjectConfigurationPlatforms) = postSolution
		{CF62E160-E40D-445E-AC3D-3F0D2081482A}.Debug|x64.ActiveCfg = Debug|x64
		{CF62E160-E40D-445E-AC3D-3F0D2081482A}.Debug|x64.Build.0 = Debug|x64
		{CF62E160-E40D-445E-AC3D-3F0D2081482A}.Debug|x86.ActiveCfg = Debug|Win32
		{CF62E160-E40D-445E-AC3D-3F0D2081482A}.Debug|x86.Build.0 = Debug|Win32
		{CF62E160-E40D-445E-AC3D-3F0D2081482A}.Release|x64.ActiveCfg = Release|x64
		{CF62E160-E40D-445E-AC3D-3F0D2081482A}.Release|x64.Build.0 = Release|x64
		{CF62E160-E40D-445E-AC3D-3F0D2081482A}.Release|x86.ActiveCfg = Release|Win32
		{CF62E160-E40D-445E-AC3D-3F0D2081482A}.Release|x86.Build.0 = Release|Win32
	EndGlobalSection
	GlobalSection(SolutionProperties) = preSolution
		HideSolutionNode = FALSE
	EndGlobalSection
	GlobalSection(ExtensibilityGlobals) = postSolution
		SolutionGuid = {38117B65-53F6-4E9D-8E26-965ED32C8A3E}
	EndGlobalSection
EndGlobal
